
Microsoft Visual Studio Solution File, Format Version 12.00
# Visual Studio Version 17
VisualStudioVersion = 17.8.34511.84
MinimumVisualStudioVersion = 10.0.40219.1
Project("{FAE04EC0-301F-11D3-BF4B-00C04F79EFBC}") = "p01Grocery1", "p01Grocery1.csproj", "{CCB25361-43B3-45BF-9177-7EBA9EE80FC5}"
EndProject
Global
	GlobalSection(SolutionConfigurationPlatforms) = preSolution
		Debug|Any CPU = Debug|Any CPU
		Release|Any CPU = Release|Any CPU
	EndGlobalSection
	GlobalSection(ProjectConfigurationPlatforms) = postSolution
		{CCB25361-43B3-45BF-9177-7EBA9EE80FC5}.Debug|Any CPU.ActiveCfg = Debug|Any CPU
		{CCB25361-43B3-45BF-9177-7EBA9EE80FC5}.Debug|Any CPU.Build.0 = Debug|Any CPU
		{CCB25361-43B3-45BF-9177-7EBA9EE80FC5}.Release|Any CPU.ActiveCfg = Release|Any CPU
		{CCB25361-43B3-45BF-9177-7EBA9EE80FC5}.Release|Any CPU.Build.0 = Release|Any CPU
	EndGlobalSection
	GlobalSection(SolutionProperties) = preSolution
		HideSolutionNode = FALSE
	EndGlobalSection
	GlobalSection(ExtensibilityGlobals) = postSolution
		SolutionGuid = {32FF0C54-6009-4510-8623-30C572141861}
	EndGlobalSection
EndGlobal
